2024-09-15 11:54:57,344 - DEBUG - read data from terraform/terraform.tfstate
2024-09-15 11:54:57,345 - INFO - Initializing Terraform
2024-09-15 11:54:57,346 - DEBUG - C:\Users\nkrk1\AppData\Local\Temp\tmptcwfds2d.tfvars.json is created
2024-09-15 11:54:57,346 - DEBUG - variables wrote to tempfile: {}
2024-09-15 11:54:57,346 - DEBUG - command: terraform init -var-file=C:\Users\nkrk1\AppData\Local\Temp\tmptcwfds2d.tfvars.json -no-color -input=false -reconfigure=true -backend=true
2024-09-15 11:54:59,181 - DEBUG - output: b'Initializing the backend...\nInitializing provider plugins...\n- Reusing previous version of hashicorp/random from the dependency lock file\n- Reusing previous version of hashicorp/aws from the dependency lock file\n- Using previously-installed hashicorp/random v3.6.3\n- Using previously-installed hashicorp/aws v5.67.0\n\nTerraform has been successfully initialized!\n\nYou may now begin working with Terraform. Try running "terraform plan" to see\nany changes that are required for your infrastructure. All Terraform commands\nshould now work.\n\nIf you ever set or change modules or backend configuration for Terraform,\nrerun this command to reinitialize your working directory. If you forget, other\ncommands will detect it and remind you to do so if necessary.\n'
2024-09-15 11:54:59,181 - DEBUG - read data from terraform/terraform.tfstate
2024-09-15 11:54:59,181 - INFO - Init successful: Initializing the backend...
Initializing provider plugins...
- Reusing previous version of hashicorp/random from the dependency lock file
- Reusing previous version of hashicorp/aws from the dependency lock file
- Using previously-installed hashicorp/random v3.6.3
- Using previously-installed hashicorp/aws v5.67.0

Terraform has been successfully initialized!

You may now begin working with Terraform. Try running "terraform plan" to see
any changes that are required for your infrastructure. All Terraform commands
should now work.

If you ever set or change modules or backend configuration for Terraform,
rerun this command to reinitialize your working directory. If you forget, other
commands will detect it and remind you to do so if necessary.

2024-09-15 11:54:59,182 - DEBUG - read data from terraform/terraform.tfstate
2024-09-15 11:54:59,182 - INFO - Planning Terraform with variables: {'aws_region': 'us-east-1', 'ami_id': 'ami-0e86e20dae9224db8', 'instance_type': 't2.micro'}
2024-09-15 11:54:59,182 - DEBUG - C:\Users\nkrk1\AppData\Local\Temp\tmpmqr1uqne.tfvars.json is created
2024-09-15 11:54:59,183 - DEBUG - variables wrote to tempfile: {'aws_region': 'us-east-1', 'ami_id': 'ami-0e86e20dae9224db8', 'instance_type': 't2.micro'}
2024-09-15 11:54:59,183 - DEBUG - command: terraform plan -var-file=C:\Users\nkrk1\AppData\Local\Temp\tmpmqr1uqne.tfvars.json -no-color -input=false -detailed-exitcode
2024-09-15 11:55:01,708 - DEBUG - output: b'\nTerraform used the selected providers to generate the following execution\nplan. Resource actions are indicated with the following symbols:\n  + create\n\nTerraform will perform the following actions:\n\n  # aws_instance.example will be created\n  + resource "aws_instance" "example" {\n      + ami                                  = "ami-0e86e20dae9224db8"\n      + arn                                  = (known after apply)\n      + associate_public_ip_address          = true\n      + availability_zone                    = (known after apply)\n      + cpu_core_count                       = (known after apply)\n      + cpu_threads_per_core                 = (known after apply)\n      + disable_api_stop                     = (known after apply)\n      + disable_api_termination              = (known after apply)\n      + ebs_optimized                        = (known after apply)\n      + get_password_data                    = false\n      + host_id                              = (known after apply)\n      + host_resource_group_arn              = (known after apply)\n      + iam_instance_profile                 = (known after apply)\n      + id                                   = (known after apply)\n      + instance_initiated_shutdown_behavior = (known after apply)\n      + instance_lifecycle                   = (known after apply)\n      + instance_state                       = (known after apply)\n      + instance_type                        = "t2.micro"\n      + ipv6_address_count                   = (known after apply)\n      + ipv6_addresses                       = (known after apply)\n      + key_name                             = "mykey"\n      + monitoring                           = (known after apply)\n      + outpost_arn                          = (known after apply)\n      + password_data                        = (known after apply)\n      + placement_group                      = (known after apply)\n      + placement_partition_number           = (known after apply)\n      + primary_network_interface_id         = (known after apply)\n      + private_dns                          = (known after apply)\n      + private_ip                           = (known after apply)\n      + public_dns                           = (known after apply)\n      + public_ip                            = (known after apply)\n      + secondary_private_ips                = (known after apply)\n      + security_groups                      = (known after apply)\n      + source_dest_check                    = true\n      + spot_instance_request_id             = (known after apply)\n      + subnet_id                            = (known after apply)\n      + tags                                 = (known after apply)\n      + tags_all                             = (known after apply)\n      + tenancy                              = (known after apply)\n      + user_data                            = (known after apply)\n      + user_data_base64                     = (known after apply)\n      + user_data_replace_on_change          = false\n      + vpc_security_group_ids               = (known after apply)\n\n      + capacity_reservation_specification (known after apply)\n\n      + cpu_options (known after apply)\n\n      + ebs_block_device (known after apply)\n\n      + enclave_options (known after apply)\n\n      + ephemeral_block_device (known after apply)\n\n      + instance_market_options (known after apply)\n\n      + maintenance_options (known after apply)\n\n      + metadata_options (known after apply)\n\n      + network_interface (known after apply)\n\n      + private_dns_name_options (known after apply)\n\n      + root_block_device (known after apply)\n    }\n\n  # random_string.name will be created\n  + resource "random_string" "name" {\n      + id          = (known after apply)\n      + length      = 5\n      + lower       = true\n      + min_lower   = 0\n      + min_numeric = 0\n      + min_special = 0\n      + min_upper   = 0\n      + number      = true\n      + numeric     = true\n      + result      = (known after apply)\n      + special     = true\n      + upper       = true\n    }\n\nPlan: 2 to add, 0 to change, 0 to destroy.\n\nChanges to Outputs:\n  + instance_public_ip = (known after apply)\n\n\xe2\x94\x80\xe2\x94\x80\xe2\x94\x80\xe2\x94\x80\xe2\x94\x80\xe2\x94\x80\xe2\x94\x80\xe2\x94\x80\xe2\x94\x80\xe2\x94\x80\xe2\x94\x80\xe2\x94\x80\xe2\x94\x80\xe2\x94\x80\xe2\x94\x80\xe2\x94\x80\xe2\x94\x80\xe2\x94\x80\xe2\x94\x80\xe2\x94\x80\xe2\x94\x80\xe2\x94\x80\xe2\x94\x80\xe2\x94\x80\xe2\x94\x80\xe2\x94\x80\xe2\x94\x80\xe2\x94\x80\xe2\x94\x80\xe2\x94\x80\xe2\x94\x80\xe2\x94\x80\xe2\x94\x80\xe2\x94\x80\xe2\x94\x80\xe2\x94\x80\xe2\x94\x80\xe2\x94\x80\xe2\x94\x80\xe2\x94\x80\xe2\x94\x80\xe2\x94\x80\xe2\x94\x80\xe2\x94\x80\xe2\x94\x80\xe2\x94\x80\xe2\x94\x80\xe2\x94\x80\xe2\x94\x80\xe2\x94\x80\xe2\x94\x80\xe2\x94\x80\xe2\x94\x80\xe2\x94\x80\xe2\x94\x80\xe2\x94\x80\xe2\x94\x80\xe2\x94\x80\xe2\x94\x80\xe2\x94\x80\xe2\x94\x80\xe2\x94\x80\xe2\x94\x80\xe2\x94\x80\xe2\x94\x80\xe2\x94\x80\xe2\x94\x80\xe2\x94\x80\xe2\x94\x80\xe2\x94\x80\xe2\x94\x80\xe2\x94\x80\xe2\x94\x80\xe2\x94\x80\xe2\x94\x80\xe2\x94\x80\xe2\x94\x80\n\nNote: You didn\'t use the -out option to save this plan, so Terraform can\'t\nguarantee to take exactly these actions if you run "terraform apply" now.\n'
2024-09-15 11:55:01,709 - WARNING - error: b''
2024-09-15 11:55:01,709 - ERROR - Plan failed: 
2024-09-15 11:55:01,709 - DEBUG - read data from terraform/terraform.tfstate
2024-09-15 11:55:01,710 - INFO - Applying Terraform with variables: {'aws_region': 'us-east-1', 'ami_id': 'ami-0e86e20dae9224db8', 'instance_type': 't2.micro'}
2024-09-15 11:55:01,710 - DEBUG - C:\Users\nkrk1\AppData\Local\Temp\tmp40eoe48j.tfvars.json is created
2024-09-15 11:55:01,710 - DEBUG - variables wrote to tempfile: {'aws_region': 'us-east-1', 'ami_id': 'ami-0e86e20dae9224db8', 'instance_type': 't2.micro'}
2024-09-15 11:55:01,710 - DEBUG - command: terraform apply -var-file=C:\Users\nkrk1\AppData\Local\Temp\tmp40eoe48j.tfvars.json -no-color -input=false -auto-approve=true -auto-approve=true
2024-09-15 11:55:17,695 - DEBUG - output: b'\nTerraform used the selected providers to generate the following execution\nplan. Resource actions are indicated with the following symbols:\n  + create\n\nTerraform will perform the following actions:\n\n  # aws_instance.example will be created\n  + resource "aws_instance" "example" {\n      + ami                                  = "ami-0e86e20dae9224db8"\n      + arn                                  = (known after apply)\n      + associate_public_ip_address          = true\n      + availability_zone                    = (known after apply)\n      + cpu_core_count                       = (known after apply)\n      + cpu_threads_per_core                 = (known after apply)\n      + disable_api_stop                     = (known after apply)\n      + disable_api_termination              = (known after apply)\n      + ebs_optimized                        = (known after apply)\n      + get_password_data                    = false\n      + host_id                              = (known after apply)\n      + host_resource_group_arn              = (known after apply)\n      + iam_instance_profile                 = (known after apply)\n      + id                                   = (known after apply)\n      + instance_initiated_shutdown_behavior = (known after apply)\n      + instance_lifecycle                   = (known after apply)\n      + instance_state                       = (known after apply)\n      + instance_type                        = "t2.micro"\n      + ipv6_address_count                   = (known after apply)\n      + ipv6_addresses                       = (known after apply)\n      + key_name                             = "mykey"\n      + monitoring                           = (known after apply)\n      + outpost_arn                          = (known after apply)\n      + password_data                        = (known after apply)\n      + placement_group                      = (known after apply)\n      + placement_partition_number           = (known after apply)\n      + primary_network_interface_id         = (known after apply)\n      + private_dns                          = (known after apply)\n      + private_ip                           = (known after apply)\n      + public_dns                           = (known after apply)\n      + public_ip                            = (known after apply)\n      + secondary_private_ips                = (known after apply)\n      + security_groups                      = (known after apply)\n      + source_dest_check                    = true\n      + spot_instance_request_id             = (known after apply)\n      + subnet_id                            = (known after apply)\n      + tags                                 = (known after apply)\n      + tags_all                             = (known after apply)\n      + tenancy                              = (known after apply)\n      + user_data                            = (known after apply)\n      + user_data_base64                     = (known after apply)\n      + user_data_replace_on_change          = false\n      + vpc_security_group_ids               = (known after apply)\n\n      + capacity_reservation_specification (known after apply)\n\n      + cpu_options (known after apply)\n\n      + ebs_block_device (known after apply)\n\n      + enclave_options (known after apply)\n\n      + ephemeral_block_device (known after apply)\n\n      + instance_market_options (known after apply)\n\n      + maintenance_options (known after apply)\n\n      + metadata_options (known after apply)\n\n      + network_interface (known after apply)\n\n      + private_dns_name_options (known after apply)\n\n      + root_block_device (known after apply)\n    }\n\n  # random_string.name will be created\n  + resource "random_string" "name" {\n      + id          = (known after apply)\n      + length      = 5\n      + lower       = true\n      + min_lower   = 0\n      + min_numeric = 0\n      + min_special = 0\n      + min_upper   = 0\n      + number      = true\n      + numeric     = true\n      + result      = (known after apply)\n      + special     = true\n      + upper       = true\n    }\n\nPlan: 2 to add, 0 to change, 0 to destroy.\n\nChanges to Outputs:\n  + instance_public_ip = (known after apply)\nrandom_string.name: Creating...\nrandom_string.name: Creation complete after 0s [id=[WI:d]\naws_instance.example: Creating...\naws_instance.example: Still creating... [10s elapsed]\naws_instance.example: Creation complete after 14s [id=i-0eae17eadd6df24c2]\n\nApply complete! Resources: 2 added, 0 changed, 0 destroyed.\n\nOutputs:\n\ninstance_public_ip = "98.80.169.164"\n'
2024-09-15 11:55:17,696 - DEBUG - read data from terraform/terraform.tfstate
2024-09-15 11:55:17,711 - INFO - Apply successful: 
Terraform used the selected providers to generate the following execution
plan. Resource actions are indicated with the following symbols:
  + create

Terraform will perform the following actions:

  # aws_instance.example will be created
  + resource "aws_instance" "example" {
      + ami                                  = "ami-0e86e20dae9224db8"
      + arn                                  = (known after apply)
      + associate_public_ip_address          = true
      + availability_zone                    = (known after apply)
      + cpu_core_count                       = (known after apply)
      + cpu_threads_per_core                 = (known after apply)
      + disable_api_stop                     = (known after apply)
      + disable_api_termination              = (known after apply)
      + ebs_optimized                        = (known after apply)
      + get_password_data                    = false
      + host_id                              = (known after apply)
      + host_resource_group_arn              = (known after apply)
      + iam_instance_profile                 = (known after apply)
      + id                                   = (known after apply)
      + instance_initiated_shutdown_behavior = (known after apply)
      + instance_lifecycle                   = (known after apply)
      + instance_state                       = (known after apply)
      + instance_type                        = "t2.micro"
      + ipv6_address_count                   = (known after apply)
      + ipv6_addresses                       = (known after apply)
      + key_name                             = "mykey"
      + monitoring                           = (known after apply)
      + outpost_arn                          = (known after apply)
      + password_data                        = (known after apply)
      + placement_group                      = (known after apply)
      + placement_partition_number           = (known after apply)
      + primary_network_interface_id         = (known after apply)
      + private_dns                          = (known after apply)
      + private_ip                           = (known after apply)
      + public_dns                           = (known after apply)
      + public_ip                            = (known after apply)
      + secondary_private_ips                = (known after apply)
      + security_groups                      = (known after apply)
      + source_dest_check                    = true
      + spot_instance_request_id             = (known after apply)
      + subnet_id                            = (known after apply)
      + tags                                 = (known after apply)
      + tags_all                             = (known after apply)
      + tenancy                              = (known after apply)
      + user_data                            = (known after apply)
      + user_data_base64                     = (known after apply)
      + user_data_replace_on_change          = false
      + vpc_security_group_ids               = (known after apply)

      + capacity_reservation_specification (known after apply)

      + cpu_options (known after apply)

      + ebs_block_device (known after apply)

      + enclave_options (known after apply)

      + ephemeral_block_device (known after apply)

      + instance_market_options (known after apply)

      + maintenance_options (known after apply)

      + metadata_options (known after apply)

      + network_interface (known after apply)

      + private_dns_name_options (known after apply)

      + root_block_device (known after apply)
    }

  # random_string.name will be created
  + resource "random_string" "name" {
      + id          = (known after apply)
      + length      = 5
      + lower       = true
      + min_lower   = 0
      + min_numeric = 0
      + min_special = 0
      + min_upper   = 0
      + number      = true
      + numeric     = true
      + result      = (known after apply)
      + special     = true
      + upper       = true
    }

Plan: 2 to add, 0 to change, 0 to destroy.

Changes to Outputs:
  + instance_public_ip = (known after apply)
random_string.name: Creating...
random_string.name: Creation complete after 0s [id=[WI:d]
aws_instance.example: Creating...
aws_instance.example: Still creating... [10s elapsed]
aws_instance.example: Creation complete after 14s [id=i-0eae17eadd6df24c2]

Apply complete! Resources: 2 added, 0 changed, 0 destroyed.

Outputs:

instance_public_ip = "98.80.169.164"

