2024-09-13 10:21:51,664 - DEBUG - read data from terraform/terraform.tfstate
2024-09-13 10:21:51,664 - DEBUG - terraform/terraform.tfstate is not exist
2024-09-13 10:21:51,664 - INFO - Initializing Terraform
2024-09-13 10:21:51,665 - DEBUG - C:\Users\nkrk1\AppData\Local\Temp\tmp8u4w6oc6.tfvars.json is created
2024-09-13 10:21:51,666 - DEBUG - variables wrote to tempfile: {}
2024-09-13 10:21:51,666 - DEBUG - command: terraform init -var-file=C:\Users\nkrk1\AppData\Local\Temp\tmp8u4w6oc6.tfvars.json -no-color -input=false -reconfigure -backend=true
2024-09-13 10:21:57,911 - DEBUG - output: b'Initializing the backend...\nInitializing provider plugins...\n- Finding latest version of hashicorp/aws...\n- Installing hashicorp/aws v5.67.0...\n- Installed hashicorp/aws v5.67.0 (signed by HashiCorp)\nTerraform has created a lock file .terraform.lock.hcl to record the provider\nselections it made above. Include this file in your version control repository\nso that Terraform can guarantee to make the same selections by default when\nyou run "terraform init" in the future.\n\nTerraform has been successfully initialized!\n\nYou may now begin working with Terraform. Try running "terraform plan" to see\nany changes that are required for your infrastructure. All Terraform commands\nshould now work.\n\nIf you ever set or change modules or backend configuration for Terraform,\nrerun this command to reinitialize your working directory. If you forget, other\ncommands will detect it and remind you to do so if necessary.\n'
2024-09-13 10:21:57,911 - DEBUG - read data from terraform/terraform.tfstate
2024-09-13 10:21:57,912 - DEBUG - terraform/terraform.tfstate is not exist
2024-09-13 10:21:57,912 - INFO - Init successful: Initializing the backend...
Initializing provider plugins...
- Finding latest version of hashicorp/aws...
- Installing hashicorp/aws v5.67.0...
- Installed hashicorp/aws v5.67.0 (signed by HashiCorp)
Terraform has created a lock file .terraform.lock.hcl to record the provider
selections it made above. Include this file in your version control repository
so that Terraform can guarantee to make the same selections by default when
you run "terraform init" in the future.

Terraform has been successfully initialized!

You may now begin working with Terraform. Try running "terraform plan" to see
any changes that are required for your infrastructure. All Terraform commands
should now work.

If you ever set or change modules or backend configuration for Terraform,
rerun this command to reinitialize your working directory. If you forget, other
commands will detect it and remind you to do so if necessary.

2024-09-13 10:21:57,912 - DEBUG - read data from terraform/terraform.tfstate
2024-09-13 10:21:57,912 - DEBUG - terraform/terraform.tfstate is not exist
2024-09-13 10:21:57,912 - INFO - Planning Terraform with variables: {'aws_region': 'us-east-1', 'ami_id': 'ami-0e86e20dae9224db8', 'instance_type': 't2.micro'}
2024-09-13 10:21:57,912 - DEBUG - C:\Users\nkrk1\AppData\Local\Temp\tmp5e1h0t71.tfvars.json is created
2024-09-13 10:21:57,912 - DEBUG - variables wrote to tempfile: {'aws_region': 'us-east-1', 'ami_id': 'ami-0e86e20dae9224db8', 'instance_type': 't2.micro'}
2024-09-13 10:21:57,913 - DEBUG - command: terraform plan -var-file=C:\Users\nkrk1\AppData\Local\Temp\tmp5e1h0t71.tfvars.json -no-color -input=false -detailed-exitcode
2024-09-13 10:22:01,771 - DEBUG - output: b'\nTerraform used the selected providers to generate the following execution\nplan. Resource actions are indicated with the following symbols:\n  + create\n\nTerraform will perform the following actions:\n\n  # aws_instance.example will be created\n  + resource "aws_instance" "example" {\n      + ami                                  = "ami-0e86e20dae9224db8"\n      + arn                                  = (known after apply)\n      + associate_public_ip_address          = (known after apply)\n      + availability_zone                    = (known after apply)\n      + cpu_core_count                       = (known after apply)\n      + cpu_threads_per_core                 = (known after apply)\n      + disable_api_stop                     = (known after apply)\n      + disable_api_termination              = (known after apply)\n      + ebs_optimized                        = (known after apply)\n      + get_password_data                    = false\n      + host_id                              = (known after apply)\n      + host_resource_group_arn              = (known after apply)\n      + iam_instance_profile                 = (known after apply)\n      + id                                   = (known after apply)\n      + instance_initiated_shutdown_behavior = (known after apply)\n      + instance_lifecycle                   = (known after apply)\n      + instance_state                       = (known after apply)\n      + instance_type                        = "t2.micro"\n      + ipv6_address_count                   = (known after apply)\n      + ipv6_addresses                       = (known after apply)\n      + key_name                             = (known after apply)\n      + monitoring                           = (known after apply)\n      + outpost_arn                          = (known after apply)\n      + password_data                        = (known after apply)\n      + placement_group                      = (known after apply)\n      + placement_partition_number           = (known after apply)\n      + primary_network_interface_id         = (known after apply)\n      + private_dns                          = (known after apply)\n      + private_ip                           = (known after apply)\n      + public_dns                           = (known after apply)\n      + public_ip                            = (known after apply)\n      + secondary_private_ips                = (known after apply)\n      + security_groups                      = (known after apply)\n      + source_dest_check                    = true\n      + spot_instance_request_id             = (known after apply)\n      + subnet_id                            = (known after apply)\n      + tags_all                             = (known after apply)\n      + tenancy                              = (known after apply)\n      + user_data                            = (known after apply)\n      + user_data_base64                     = (known after apply)\n      + user_data_replace_on_change          = false\n      + vpc_security_group_ids               = (known after apply)\n\n      + capacity_reservation_specification (known after apply)\n\n      + cpu_options (known after apply)\n\n      + ebs_block_device (known after apply)\n\n      + enclave_options (known after apply)\n\n      + ephemeral_block_device (known after apply)\n\n      + instance_market_options (known after apply)\n\n      + maintenance_options (known after apply)\n\n      + metadata_options (known after apply)\n\n      + network_interface (known after apply)\n\n      + private_dns_name_options (known after apply)\n\n      + root_block_device (known after apply)\n    }\n\nPlan: 1 to add, 0 to change, 0 to destroy.\n\n\xe2\x94\x80\xe2\x94\x80\xe2\x94\x80\xe2\x94\x80\xe2\x94\x80\xe2\x94\x80\xe2\x94\x80\xe2\x94\x80\xe2\x94\x80\xe2\x94\x80\xe2\x94\x80\xe2\x94\x80\xe2\x94\x80\xe2\x94\x80\xe2\x94\x80\xe2\x94\x80\xe2\x94\x80\xe2\x94\x80\xe2\x94\x80\xe2\x94\x80\xe2\x94\x80\xe2\x94\x80\xe2\x94\x80\xe2\x94\x80\xe2\x94\x80\xe2\x94\x80\xe2\x94\x80\xe2\x94\x80\xe2\x94\x80\xe2\x94\x80\xe2\x94\x80\xe2\x94\x80\xe2\x94\x80\xe2\x94\x80\xe2\x94\x80\xe2\x94\x80\xe2\x94\x80\xe2\x94\x80\xe2\x94\x80\xe2\x94\x80\xe2\x94\x80\xe2\x94\x80\xe2\x94\x80\xe2\x94\x80\xe2\x94\x80\xe2\x94\x80\xe2\x94\x80\xe2\x94\x80\xe2\x94\x80\xe2\x94\x80\xe2\x94\x80\xe2\x94\x80\xe2\x94\x80\xe2\x94\x80\xe2\x94\x80\xe2\x94\x80\xe2\x94\x80\xe2\x94\x80\xe2\x94\x80\xe2\x94\x80\xe2\x94\x80\xe2\x94\x80\xe2\x94\x80\xe2\x94\x80\xe2\x94\x80\xe2\x94\x80\xe2\x94\x80\xe2\x94\x80\xe2\x94\x80\xe2\x94\x80\xe2\x94\x80\xe2\x94\x80\xe2\x94\x80\xe2\x94\x80\xe2\x94\x80\xe2\x94\x80\xe2\x94\x80\n\nNote: You didn\'t use the -out option to save this plan, so Terraform can\'t\nguarantee to take exactly these actions if you run "terraform apply" now.\n'
2024-09-13 10:22:01,771 - WARNING - error: b''
2024-09-13 10:22:01,771 - ERROR - Plan failed: 
2024-09-13 10:22:01,771 - DEBUG - read data from terraform/terraform.tfstate
2024-09-13 10:22:01,771 - DEBUG - terraform/terraform.tfstate is not exist
2024-09-13 10:22:01,771 - INFO - Applying Terraform with variables: {'aws_region': 'us-east-1', 'ami_id': 'ami-0e86e20dae9224db8', 'instance_type': 't2.micro'}
2024-09-13 10:22:01,772 - DEBUG - C:\Users\nkrk1\AppData\Local\Temp\tmpcnrk97_0.tfvars.json is created
2024-09-13 10:22:01,772 - DEBUG - variables wrote to tempfile: {'aws_region': 'us-east-1', 'ami_id': 'ami-0e86e20dae9224db8', 'instance_type': 't2.micro'}
2024-09-13 10:22:01,772 - DEBUG - command: terraform apply -var-file=C:\Users\nkrk1\AppData\Local\Temp\tmpcnrk97_0.tfvars.json -no-color -input=false -auto-approve=true -auto-approve=true
2024-09-13 10:22:37,574 - DEBUG - output: b'\nTerraform used the selected providers to generate the following execution\nplan. Resource actions are indicated with the following symbols:\n  + create\n\nTerraform will perform the following actions:\n\n  # aws_instance.example will be created\n  + resource "aws_instance" "example" {\n      + ami                                  = "ami-0e86e20dae9224db8"\n      + arn                                  = (known after apply)\n      + associate_public_ip_address          = (known after apply)\n      + availability_zone                    = (known after apply)\n      + cpu_core_count                       = (known after apply)\n      + cpu_threads_per_core                 = (known after apply)\n      + disable_api_stop                     = (known after apply)\n      + disable_api_termination              = (known after apply)\n      + ebs_optimized                        = (known after apply)\n      + get_password_data                    = false\n      + host_id                              = (known after apply)\n      + host_resource_group_arn              = (known after apply)\n      + iam_instance_profile                 = (known after apply)\n      + id                                   = (known after apply)\n      + instance_initiated_shutdown_behavior = (known after apply)\n      + instance_lifecycle                   = (known after apply)\n      + instance_state                       = (known after apply)\n      + instance_type                        = "t2.micro"\n      + ipv6_address_count                   = (known after apply)\n      + ipv6_addresses                       = (known after apply)\n      + key_name                             = (known after apply)\n      + monitoring                           = (known after apply)\n      + outpost_arn                          = (known after apply)\n      + password_data                        = (known after apply)\n      + placement_group                      = (known after apply)\n      + placement_partition_number           = (known after apply)\n      + primary_network_interface_id         = (known after apply)\n      + private_dns                          = (known after apply)\n      + private_ip                           = (known after apply)\n      + public_dns                           = (known after apply)\n      + public_ip                            = (known after apply)\n      + secondary_private_ips                = (known after apply)\n      + security_groups                      = (known after apply)\n      + source_dest_check                    = true\n      + spot_instance_request_id             = (known after apply)\n      + subnet_id                            = (known after apply)\n      + tags_all                             = (known after apply)\n      + tenancy                              = (known after apply)\n      + user_data                            = (known after apply)\n      + user_data_base64                     = (known after apply)\n      + user_data_replace_on_change          = false\n      + vpc_security_group_ids               = (known after apply)\n\n      + capacity_reservation_specification (known after apply)\n\n      + cpu_options (known after apply)\n\n      + ebs_block_device (known after apply)\n\n      + enclave_options (known after apply)\n\n      + ephemeral_block_device (known after apply)\n\n      + instance_market_options (known after apply)\n\n      + maintenance_options (known after apply)\n\n      + metadata_options (known after apply)\n\n      + network_interface (known after apply)\n\n      + private_dns_name_options (known after apply)\n\n      + root_block_device (known after apply)\n    }\n\nPlan: 1 to add, 0 to change, 0 to destroy.\naws_instance.example: Creating...\naws_instance.example: Still creating... [10s elapsed]\naws_instance.example: Still creating... [20s elapsed]\naws_instance.example: Still creating... [30s elapsed]\naws_instance.example: Creation complete after 33s [id=i-046239299118d52b4]\n\nApply complete! Resources: 1 added, 0 changed, 0 destroyed.\n'
2024-09-13 10:22:37,574 - DEBUG - read data from terraform/terraform.tfstate
2024-09-13 10:22:37,575 - INFO - Apply successful: 
Terraform used the selected providers to generate the following execution
plan. Resource actions are indicated with the following symbols:
  + create

Terraform will perform the following actions:

  # aws_instance.example will be created
  + resource "aws_instance" "example" {
      + ami                                  = "ami-0e86e20dae9224db8"
      + arn                                  = (known after apply)
      + associate_public_ip_address          = (known after apply)
      + availability_zone                    = (known after apply)
      + cpu_core_count                       = (known after apply)
      + cpu_threads_per_core                 = (known after apply)
      + disable_api_stop                     = (known after apply)
      + disable_api_termination              = (known after apply)
      + ebs_optimized                        = (known after apply)
      + get_password_data                    = false
      + host_id                              = (known after apply)
      + host_resource_group_arn              = (known after apply)
      + iam_instance_profile                 = (known after apply)
      + id                                   = (known after apply)
      + instance_initiated_shutdown_behavior = (known after apply)
      + instance_lifecycle                   = (known after apply)
      + instance_state                       = (known after apply)
      + instance_type                        = "t2.micro"
      + ipv6_address_count                   = (known after apply)
      + ipv6_addresses                       = (known after apply)
      + key_name                             = (known after apply)
      + monitoring                           = (known after apply)
      + outpost_arn                          = (known after apply)
      + password_data                        = (known after apply)
      + placement_group                      = (known after apply)
      + placement_partition_number           = (known after apply)
      + primary_network_interface_id         = (known after apply)
      + private_dns                          = (known after apply)
      + private_ip                           = (known after apply)
      + public_dns                           = (known after apply)
      + public_ip                            = (known after apply)
      + secondary_private_ips                = (known after apply)
      + security_groups                      = (known after apply)
      + source_dest_check                    = true
      + spot_instance_request_id             = (known after apply)
      + subnet_id                            = (known after apply)
      + tags_all                             = (known after apply)
      + tenancy                              = (known after apply)
      + user_data                            = (known after apply)
      + user_data_base64                     = (known after apply)
      + user_data_replace_on_change          = false
      + vpc_security_group_ids               = (known after apply)

      + capacity_reservation_specification (known after apply)

      + cpu_options (known after apply)

      + ebs_block_device (known after apply)

      + enclave_options (known after apply)

      + ephemeral_block_device (known after apply)

      + instance_market_options (known after apply)

      + maintenance_options (known after apply)

      + metadata_options (known after apply)

      + network_interface (known after apply)

      + private_dns_name_options (known after apply)

      + root_block_device (known after apply)
    }

Plan: 1 to add, 0 to change, 0 to destroy.
aws_instance.example: Creating...
aws_instance.example: Still creating... [10s elapsed]
aws_instance.example: Still creating... [20s elapsed]
aws_instance.example: Still creating... [30s elapsed]
aws_instance.example: Creation complete after 33s [id=i-046239299118d52b4]

Apply complete! Resources: 1 added, 0 changed, 0 destroyed.

