2024-09-13 17:47:48,461 - DEBUG - read data from terraform/terraform.tfstate
2024-09-13 17:47:48,479 - INFO - Applying Terraform with variables: {'aws_region': 'us-east-1', 'ami_id': 'ami-0e86e20dae9224db8', 'instance_type': 't2.micro'}
2024-09-13 17:47:48,481 - DEBUG - C:\Users\nkrk1\AppData\Local\Temp\tmpmdkomjo8.tfvars.json is created
2024-09-13 17:47:48,481 - DEBUG - variables wrote to tempfile: {'aws_region': 'us-east-1', 'ami_id': 'ami-0e86e20dae9224db8', 'instance_type': 't2.micro'}
2024-09-13 17:47:48,481 - DEBUG - command: terraform apply -var-file=C:\Users\nkrk1\AppData\Local\Temp\tmpmdkomjo8.tfvars.json -no-color -input=false -auto-approve=true -auto-approve=true
2024-09-13 17:48:56,906 - DEBUG - output: b'random_string.name: Refreshing state... [id=EP2#O]\n\nTerraform used the selected providers to generate the following execution\nplan. Resource actions are indicated with the following symbols:\n  + create\n\nTerraform will perform the following actions:\n\n  # aws_instance.example will be created\n  + resource "aws_instance" "example" {\n      + ami                                  = "ami-0e86e20dae9224db8"\n      + arn                                  = (known after apply)\n      + associate_public_ip_address          = true\n      + availability_zone                    = (known after apply)\n      + cpu_core_count                       = (known after apply)\n      + cpu_threads_per_core                 = (known after apply)\n      + disable_api_stop                     = (known after apply)\n      + disable_api_termination              = (known after apply)\n      + ebs_optimized                        = (known after apply)\n      + get_password_data                    = false\n      + host_id                              = (known after apply)\n      + host_resource_group_arn              = (known after apply)\n      + iam_instance_profile                 = (known after apply)\n      + id                                   = (known after apply)\n      + instance_initiated_shutdown_behavior = (known after apply)\n      + instance_lifecycle                   = (known after apply)\n      + instance_state                       = (known after apply)\n      + instance_type                        = "t2.micro"\n      + ipv6_address_count                   = (known after apply)\n      + ipv6_addresses                       = (known after apply)\n      + key_name                             = "mykey"\n      + monitoring                           = (known after apply)\n      + outpost_arn                          = (known after apply)\n      + password_data                        = (known after apply)\n      + placement_group                      = (known after apply)\n      + placement_partition_number           = (known after apply)\n      + primary_network_interface_id         = (known after apply)\n      + private_dns                          = (known after apply)\n      + private_ip                           = (known after apply)\n      + public_dns                           = (known after apply)\n      + public_ip                            = (known after apply)\n      + secondary_private_ips                = (known after apply)\n      + security_groups                      = (known after apply)\n      + source_dest_check                    = true\n      + spot_instance_request_id             = (known after apply)\n      + subnet_id                            = (known after apply)\n      + tags                                 = {\n          + "Name" = "terrafomr - EP2#O"\n        }\n      + tags_all                             = {\n          + "Name" = "terrafomr - EP2#O"\n        }\n      + tenancy                              = (known after apply)\n      + user_data                            = (known after apply)\n      + user_data_base64                     = (known after apply)\n      + user_data_replace_on_change          = false\n      + vpc_security_group_ids               = (known after apply)\n\n      + capacity_reservation_specification (known after apply)\n\n      + cpu_options (known after apply)\n\n      + ebs_block_device (known after apply)\n\n      + enclave_options (known after apply)\n\n      + ephemeral_block_device (known after apply)\n\n      + instance_market_options (known after apply)\n\n      + maintenance_options (known after apply)\n\n      + metadata_options (known after apply)\n\n      + network_interface (known after apply)\n\n      + private_dns_name_options (known after apply)\n\n      + root_block_device (known after apply)\n    }\n\nPlan: 1 to add, 0 to change, 0 to destroy.\naws_instance.example: Creating...\naws_instance.example: Still creating... [10s elapsed]\naws_instance.example: Provisioning with \'file\'...\naws_instance.example: Still creating... [20s elapsed]\naws_instance.example: Still creating... [30s elapsed]\naws_instance.example: Still creating... [40s elapsed]\naws_instance.example: Still creating... [50s elapsed]\naws_instance.example: Still creating... [1m0s elapsed]\naws_instance.example: Creation complete after 1m6s [id=i-0abba5628224cba6c]\n\nApply complete! Resources: 1 added, 0 changed, 0 destroyed.\n'
2024-09-13 17:48:56,906 - DEBUG - read data from terraform/terraform.tfstate
2024-09-13 17:48:56,925 - INFO - Apply successful: random_string.name: Refreshing state... [id=EP2#O]

Terraform used the selected providers to generate the following execution
plan. Resource actions are indicated with the following symbols:
  + create

Terraform will perform the following actions:

  # aws_instance.example will be created
  + resource "aws_instance" "example" {
      + ami                                  = "ami-0e86e20dae9224db8"
      + arn                                  = (known after apply)
      + associate_public_ip_address          = true
      + availability_zone                    = (known after apply)
      + cpu_core_count                       = (known after apply)
      + cpu_threads_per_core                 = (known after apply)
      + disable_api_stop                     = (known after apply)
      + disable_api_termination              = (known after apply)
      + ebs_optimized                        = (known after apply)
      + get_password_data                    = false
      + host_id                              = (known after apply)
      + host_resource_group_arn              = (known after apply)
      + iam_instance_profile                 = (known after apply)
      + id                                   = (known after apply)
      + instance_initiated_shutdown_behavior = (known after apply)
      + instance_lifecycle                   = (known after apply)
      + instance_state                       = (known after apply)
      + instance_type                        = "t2.micro"
      + ipv6_address_count                   = (known after apply)
      + ipv6_addresses                       = (known after apply)
      + key_name                             = "mykey"
      + monitoring                           = (known after apply)
      + outpost_arn                          = (known after apply)
      + password_data                        = (known after apply)
      + placement_group                      = (known after apply)
      + placement_partition_number           = (known after apply)
      + primary_network_interface_id         = (known after apply)
      + private_dns                          = (known after apply)
      + private_ip                           = (known after apply)
      + public_dns                           = (known after apply)
      + public_ip                            = (known after apply)
      + secondary_private_ips                = (known after apply)
      + security_groups                      = (known after apply)
      + source_dest_check                    = true
      + spot_instance_request_id             = (known after apply)
      + subnet_id                            = (known after apply)
      + tags                                 = {
          + "Name" = "terrafomr - EP2#O"
        }
      + tags_all                             = {
          + "Name" = "terrafomr - EP2#O"
        }
      + tenancy                              = (known after apply)
      + user_data                            = (known after apply)
      + user_data_base64                     = (known after apply)
      + user_data_replace_on_change          = false
      + vpc_security_group_ids               = (known after apply)

      + capacity_reservation_specification (known after apply)

      + cpu_options (known after apply)

      + ebs_block_device (known after apply)

      + enclave_options (known after apply)

      + ephemeral_block_device (known after apply)

      + instance_market_options (known after apply)

      + maintenance_options (known after apply)

      + metadata_options (known after apply)

      + network_interface (known after apply)

      + private_dns_name_options (known after apply)

      + root_block_device (known after apply)
    }

Plan: 1 to add, 0 to change, 0 to destroy.
aws_instance.example: Creating...
aws_instance.example: Still creating... [10s elapsed]
aws_instance.example: Provisioning with 'file'...
aws_instance.example: Still creating... [20s elapsed]
aws_instance.example: Still creating... [30s elapsed]
aws_instance.example: Still creating... [40s elapsed]
aws_instance.example: Still creating... [50s elapsed]
aws_instance.example: Still creating... [1m0s elapsed]
aws_instance.example: Creation complete after 1m6s [id=i-0abba5628224cba6c]

Apply complete! Resources: 1 added, 0 changed, 0 destroyed.

2024-09-13 18:04:38,173 - DEBUG - read data from terraform/terraform.tfstate
2024-09-13 18:04:38,173 - INFO - Destroying Terraform
2024-09-13 18:04:38,175 - DEBUG - C:\Users\nkrk1\AppData\Local\Temp\tmp84y77a0g.tfvars.json is created
2024-09-13 18:04:38,175 - DEBUG - variables wrote to tempfile: {}
2024-09-13 18:04:38,175 - DEBUG - command: terraform destroy -var-file=C:\Users\nkrk1\AppData\Local\Temp\tmp84y77a0g.tfvars.json -no-color -input=false -auto-approve=true
2024-09-13 18:05:54,377 - DEBUG - output: b'random_string.name: Refreshing state... [id=EP2#O]\naws_instance.example: Refreshing state... [id=i-0abba5628224cba6c]\n\nTerraform used the selected providers to generate the following execution\nplan. Resource actions are indicated with the following symbols:\n  - destroy\n\nTerraform will perform the following actions:\n\n  # aws_instance.example will be destroyed\n  - resource "aws_instance" "example" {\n      - ami                                  = "ami-0e86e20dae9224db8" -> null\n      - arn                                  = "arn:aws:ec2:us-east-1:730335412393:instance/i-0abba5628224cba6c" -> null\n      - associate_public_ip_address          = true -> null\n      - availability_zone                    = "us-east-1c" -> null\n      - cpu_core_count                       = 1 -> null\n      - cpu_threads_per_core                 = 1 -> null\n      - disable_api_stop                     = false -> null\n      - disable_api_termination              = false -> null\n      - ebs_optimized                        = false -> null\n      - get_password_data                    = false -> null\n      - hibernation                          = false -> null\n      - id                                   = "i-0abba5628224cba6c" -> null\n      - instance_initiated_shutdown_behavior = "stop" -> null\n      - instance_state                       = "running" -> null\n      - instance_type                        = "t2.micro" -> null\n      - ipv6_address_count                   = 0 -> null\n      - ipv6_addresses                       = [] -> null\n      - key_name                             = "mykey" -> null\n      - monitoring                           = false -> null\n      - placement_partition_number           = 0 -> null\n      - primary_network_interface_id         = "eni-064bed835ed497470" -> null\n      - private_dns                          = "ip-172-31-13-168.ec2.internal" -> null\n      - private_ip                           = "172.31.13.168" -> null\n      - public_dns                           = "ec2-18-207-148-40.compute-1.amazonaws.com" -> null\n      - public_ip                            = "18.207.148.40" -> null\n      - secondary_private_ips                = [] -> null\n      - security_groups                      = [\n          - "default",\n        ] -> null\n      - source_dest_check                    = true -> null\n      - subnet_id                            = "subnet-0951ffd3b9f2ea971" -> null\n      - tags                                 = {\n          - "Name" = "terrafomr - EP2#O"\n        } -> null\n      - tags_all                             = {\n          - "Name" = "terrafomr - EP2#O"\n        } -> null\n      - tenancy                              = "default" -> null\n      - user_data_replace_on_change          = false -> null\n      - vpc_security_group_ids               = [\n          - "sg-00a89958e4eb0f9da",\n        ] -> null\n        # (7 unchanged attributes hidden)\n\n      - capacity_reservation_specification {\n          - capacity_reservation_preference = "open" -> null\n        }\n\n      - cpu_options {\n          - core_count       = 1 -> null\n          - threads_per_core = 1 -> null\n            # (1 unchanged attribute hidden)\n        }\n\n      - credit_specification {\n          - cpu_credits = "standard" -> null\n        }\n\n      - enclave_options {\n          - enabled = false -> null\n        }\n\n      - maintenance_options {\n          - auto_recovery = "default" -> null\n        }\n\n      - metadata_options {\n          - http_endpoint               = "enabled" -> null\n          - http_protocol_ipv6          = "disabled" -> null\n          - http_put_response_hop_limit = 2 -> null\n          - http_tokens                 = "required" -> null\n          - instance_metadata_tags      = "disabled" -> null\n        }\n\n      - private_dns_name_options {\n          - enable_resource_name_dns_a_record    = false -> null\n          - enable_resource_name_dns_aaaa_record = false -> null\n          - hostname_type                        = "ip-name" -> null\n        }\n\n      - root_block_device {\n          - delete_on_termination = true -> null\n          - device_name           = "/dev/sda1" -> null\n          - encrypted             = false -> null\n          - iops                  = 3000 -> null\n          - tags                  = {} -> null\n          - tags_all              = {} -> null\n          - throughput            = 125 -> null\n          - volume_id             = "vol-04b5a737a33c5f40a" -> null\n          - volume_size           = 8 -> null\n          - volume_type           = "gp3" -> null\n            # (1 unchanged attribute hidden)\n        }\n    }\n\n  # random_string.name will be destroyed\n  - resource "random_string" "name" {\n      - id          = "EP2#O" -> null\n      - length      = 5 -> null\n      - lower       = true -> null\n      - min_lower   = 0 -> null\n      - min_numeric = 0 -> null\n      - min_special = 0 -> null\n      - min_upper   = 0 -> null\n      - number      = true -> null\n      - numeric     = true -> null\n      - result      = "EP2#O" -> null\n      - special     = true -> null\n      - upper       = true -> null\n    }\n\nPlan: 0 to add, 0 to change, 2 to destroy.\naws_instance.example: Destroying... [id=i-0abba5628224cba6c]\naws_instance.example: Still destroying... [id=i-0abba5628224cba6c, 10s elapsed]\naws_instance.example: Still destroying... [id=i-0abba5628224cba6c, 20s elapsed]\naws_instance.example: Still destroying... [id=i-0abba5628224cba6c, 30s elapsed]\naws_instance.example: Still destroying... [id=i-0abba5628224cba6c, 41s elapsed]\naws_instance.example: Still destroying... [id=i-0abba5628224cba6c, 51s elapsed]\naws_instance.example: Still destroying... [id=i-0abba5628224cba6c, 1m1s elapsed]\naws_instance.example: Still destroying... [id=i-0abba5628224cba6c, 1m11s elapsed]\naws_instance.example: Destruction complete after 1m11s\nrandom_string.name: Destroying... [id=EP2#O]\nrandom_string.name: Destruction complete after 0s\n\nDestroy complete! Resources: 2 destroyed.\n'
2024-09-13 18:05:54,378 - DEBUG - read data from terraform/terraform.tfstate
2024-09-13 18:05:54,395 - INFO - Destroy successful: random_string.name: Refreshing state... [id=EP2#O]
aws_instance.example: Refreshing state... [id=i-0abba5628224cba6c]

Terraform used the selected providers to generate the following execution
plan. Resource actions are indicated with the following symbols:
  - destroy

Terraform will perform the following actions:

  # aws_instance.example will be destroyed
  - resource "aws_instance" "example" {
      - ami                                  = "ami-0e86e20dae9224db8" -> null
      - arn                                  = "arn:aws:ec2:us-east-1:730335412393:instance/i-0abba5628224cba6c" -> null
      - associate_public_ip_address          = true -> null
      - availability_zone                    = "us-east-1c" -> null
      - cpu_core_count                       = 1 -> null
      - cpu_threads_per_core                 = 1 -> null
      - disable_api_stop                     = false -> null
      - disable_api_termination              = false -> null
      - ebs_optimized                        = false -> null
      - get_password_data                    = false -> null
      - hibernation                          = false -> null
      - id                                   = "i-0abba5628224cba6c" -> null
      - instance_initiated_shutdown_behavior = "stop" -> null
      - instance_state                       = "running" -> null
      - instance_type                        = "t2.micro" -> null
      - ipv6_address_count                   = 0 -> null
      - ipv6_addresses                       = [] -> null
      - key_name                             = "mykey" -> null
      - monitoring                           = false -> null
      - placement_partition_number           = 0 -> null
      - primary_network_interface_id         = "eni-064bed835ed497470" -> null
      - private_dns                          = "ip-172-31-13-168.ec2.internal" -> null
      - private_ip                           = "172.31.13.168" -> null
      - public_dns                           = "ec2-18-207-148-40.compute-1.amazonaws.com" -> null
      - public_ip                            = "18.207.148.40" -> null
      - secondary_private_ips                = [] -> null
      - security_groups                      = [
          - "default",
        ] -> null
      - source_dest_check                    = true -> null
      - subnet_id                            = "subnet-0951ffd3b9f2ea971" -> null
      - tags                                 = {
          - "Name" = "terrafomr - EP2#O"
        } -> null
      - tags_all                             = {
          - "Name" = "terrafomr - EP2#O"
        } -> null
      - tenancy                              = "default" -> null
      - user_data_replace_on_change          = false -> null
      - vpc_security_group_ids               = [
          - "sg-00a89958e4eb0f9da",
        ] -> null
        # (7 unchanged attributes hidden)

      - capacity_reservation_specification {
          - capacity_reservation_preference = "open" -> null
        }

      - cpu_options {
          - core_count       = 1 -> null
          - threads_per_core = 1 -> null
            # (1 unchanged attribute hidden)
        }

      - credit_specification {
          - cpu_credits = "standard" -> null
        }

      - enclave_options {
          - enabled = false -> null
        }

      - maintenance_options {
          - auto_recovery = "default" -> null
        }

      - metadata_options {
          - http_endpoint               = "enabled" -> null
          - http_protocol_ipv6          = "disabled" -> null
          - http_put_response_hop_limit = 2 -> null
          - http_tokens                 = "required" -> null
          - instance_metadata_tags      = "disabled" -> null
        }

      - private_dns_name_options {
          - enable_resource_name_dns_a_record    = false -> null
          - enable_resource_name_dns_aaaa_record = false -> null
          - hostname_type                        = "ip-name" -> null
        }

      - root_block_device {
          - delete_on_termination = true -> null
          - device_name           = "/dev/sda1" -> null
          - encrypted             = false -> null
          - iops                  = 3000 -> null
          - tags                  = {} -> null
          - tags_all              = {} -> null
          - throughput            = 125 -> null
          - volume_id             = "vol-04b5a737a33c5f40a" -> null
          - volume_size           = 8 -> null
          - volume_type           = "gp3" -> null
            # (1 unchanged attribute hidden)
        }
    }

  # random_string.name will be destroyed
  - resource "random_string" "name" {
      - id          = "EP2#O" -> null
      - length      = 5 -> null
      - lower       = true -> null
      - min_lower   = 0 -> null
      - min_numeric = 0 -> null
      - min_special = 0 -> null
      - min_upper   = 0 -> null
      - number      = true -> null
      - numeric     = true -> null
      - result      = "EP2#O" -> null
      - special     = true -> null
      - upper       = true -> null
    }

Plan: 0 to add, 0 to change, 2 to destroy.
aws_instance.example: Destroying... [id=i-0abba5628224cba6c]
aws_instance.example: Still destroying... [id=i-0abba5628224cba6c, 10s elapsed]
aws_instance.example: Still destroying... [id=i-0abba5628224cba6c, 20s elapsed]
aws_instance.example: Still destroying... [id=i-0abba5628224cba6c, 30s elapsed]
aws_instance.example: Still destroying... [id=i-0abba5628224cba6c, 41s elapsed]
aws_instance.example: Still destroying... [id=i-0abba5628224cba6c, 51s elapsed]
aws_instance.example: Still destroying... [id=i-0abba5628224cba6c, 1m1s elapsed]
aws_instance.example: Still destroying... [id=i-0abba5628224cba6c, 1m11s elapsed]
aws_instance.example: Destruction complete after 1m11s
random_string.name: Destroying... [id=EP2#O]
random_string.name: Destruction complete after 0s

Destroy complete! Resources: 2 destroyed.

2024-09-13 18:06:07,243 - DEBUG - read data from terraform/terraform.tfstate
2024-09-13 18:06:07,243 - INFO - Applying Terraform with variables: {'aws_region': 'us-east-1', 'ami_id': 'ami-0e86e20dae9224db8', 'instance_type': 't2.micro'}
2024-09-13 18:06:07,245 - DEBUG - C:\Users\nkrk1\AppData\Local\Temp\tmpu1takacd.tfvars.json is created
2024-09-13 18:06:07,245 - DEBUG - variables wrote to tempfile: {'aws_region': 'us-east-1', 'ami_id': 'ami-0e86e20dae9224db8', 'instance_type': 't2.micro'}
2024-09-13 18:06:07,245 - DEBUG - command: terraform apply -var-file=C:\Users\nkrk1\AppData\Local\Temp\tmpu1takacd.tfvars.json -no-color -input=false -auto-approve=true -auto-approve=true
2024-09-13 18:06:37,991 - DEBUG - output: b'\nTerraform used the selected providers to generate the following execution\nplan. Resource actions are indicated with the following symbols:\n  + create\n\nTerraform will perform the following actions:\n\n  # aws_instance.example will be created\n  + resource "aws_instance" "example" {\n      + ami                                  = "ami-0e86e20dae9224db8"\n      + arn                                  = (known after apply)\n      + associate_public_ip_address          = true\n      + availability_zone                    = (known after apply)\n      + cpu_core_count                       = (known after apply)\n      + cpu_threads_per_core                 = (known after apply)\n      + disable_api_stop                     = (known after apply)\n      + disable_api_termination              = (known after apply)\n      + ebs_optimized                        = (known after apply)\n      + get_password_data                    = false\n      + host_id                              = (known after apply)\n      + host_resource_group_arn              = (known after apply)\n      + iam_instance_profile                 = (known after apply)\n      + id                                   = (known after apply)\n      + instance_initiated_shutdown_behavior = (known after apply)\n      + instance_lifecycle                   = (known after apply)\n      + instance_state                       = (known after apply)\n      + instance_type                        = "t2.micro"\n      + ipv6_address_count                   = (known after apply)\n      + ipv6_addresses                       = (known after apply)\n      + key_name                             = "mykey"\n      + monitoring                           = (known after apply)\n      + outpost_arn                          = (known after apply)\n      + password_data                        = (known after apply)\n      + placement_group                      = (known after apply)\n      + placement_partition_number           = (known after apply)\n      + primary_network_interface_id         = (known after apply)\n      + private_dns                          = (known after apply)\n      + private_ip                           = (known after apply)\n      + public_dns                           = (known after apply)\n      + public_ip                            = (known after apply)\n      + secondary_private_ips                = (known after apply)\n      + security_groups                      = (known after apply)\n      + source_dest_check                    = true\n      + spot_instance_request_id             = (known after apply)\n      + subnet_id                            = (known after apply)\n      + tags                                 = (known after apply)\n      + tags_all                             = (known after apply)\n      + tenancy                              = (known after apply)\n      + user_data                            = (known after apply)\n      + user_data_base64                     = (known after apply)\n      + user_data_replace_on_change          = false\n      + vpc_security_group_ids               = (known after apply)\n\n      + capacity_reservation_specification (known after apply)\n\n      + cpu_options (known after apply)\n\n      + ebs_block_device (known after apply)\n\n      + enclave_options (known after apply)\n\n      + ephemeral_block_device (known after apply)\n\n      + instance_market_options (known after apply)\n\n      + maintenance_options (known after apply)\n\n      + metadata_options (known after apply)\n\n      + network_interface (known after apply)\n\n      + private_dns_name_options (known after apply)\n\n      + root_block_device (known after apply)\n    }\n\n  # random_string.name will be created\n  + resource "random_string" "name" {\n      + id          = (known after apply)\n      + length      = 5\n      + lower       = true\n      + min_lower   = 0\n      + min_numeric = 0\n      + min_special = 0\n      + min_upper   = 0\n      + number      = true\n      + numeric     = true\n      + result      = (known after apply)\n      + special     = true\n      + upper       = true\n    }\n\nPlan: 2 to add, 0 to change, 0 to destroy.\nrandom_string.name: Creating...\nrandom_string.name: Creation complete after 0s [id=SvyPy]\naws_instance.example: Creating...\naws_instance.example: Still creating... [10s elapsed]\naws_instance.example: Provisioning with \'file\'...\naws_instance.example: Still creating... [20s elapsed]\naws_instance.example: Creation complete after 28s [id=i-0b8b40214081f1881]\n\nApply complete! Resources: 2 added, 0 changed, 0 destroyed.\n'
2024-09-13 18:06:37,992 - DEBUG - read data from terraform/terraform.tfstate
2024-09-13 18:06:38,011 - INFO - Apply successful: 
Terraform used the selected providers to generate the following execution
plan. Resource actions are indicated with the following symbols:
  + create

Terraform will perform the following actions:

  # aws_instance.example will be created
  + resource "aws_instance" "example" {
      + ami                                  = "ami-0e86e20dae9224db8"
      + arn                                  = (known after apply)
      + associate_public_ip_address          = true
      + availability_zone                    = (known after apply)
      + cpu_core_count                       = (known after apply)
      + cpu_threads_per_core                 = (known after apply)
      + disable_api_stop                     = (known after apply)
      + disable_api_termination              = (known after apply)
      + ebs_optimized                        = (known after apply)
      + get_password_data                    = false
      + host_id                              = (known after apply)
      + host_resource_group_arn              = (known after apply)
      + iam_instance_profile                 = (known after apply)
      + id                                   = (known after apply)
      + instance_initiated_shutdown_behavior = (known after apply)
      + instance_lifecycle                   = (known after apply)
      + instance_state                       = (known after apply)
      + instance_type                        = "t2.micro"
      + ipv6_address_count                   = (known after apply)
      + ipv6_addresses                       = (known after apply)
      + key_name                             = "mykey"
      + monitoring                           = (known after apply)
      + outpost_arn                          = (known after apply)
      + password_data                        = (known after apply)
      + placement_group                      = (known after apply)
      + placement_partition_number           = (known after apply)
      + primary_network_interface_id         = (known after apply)
      + private_dns                          = (known after apply)
      + private_ip                           = (known after apply)
      + public_dns                           = (known after apply)
      + public_ip                            = (known after apply)
      + secondary_private_ips                = (known after apply)
      + security_groups                      = (known after apply)
      + source_dest_check                    = true
      + spot_instance_request_id             = (known after apply)
      + subnet_id                            = (known after apply)
      + tags                                 = (known after apply)
      + tags_all                             = (known after apply)
      + tenancy                              = (known after apply)
      + user_data                            = (known after apply)
      + user_data_base64                     = (known after apply)
      + user_data_replace_on_change          = false
      + vpc_security_group_ids               = (known after apply)

      + capacity_reservation_specification (known after apply)

      + cpu_options (known after apply)

      + ebs_block_device (known after apply)

      + enclave_options (known after apply)

      + ephemeral_block_device (known after apply)

      + instance_market_options (known after apply)

      + maintenance_options (known after apply)

      + metadata_options (known after apply)

      + network_interface (known after apply)

      + private_dns_name_options (known after apply)

      + root_block_device (known after apply)
    }

  # random_string.name will be created
  + resource "random_string" "name" {
      + id          = (known after apply)
      + length      = 5
      + lower       = true
      + min_lower   = 0
      + min_numeric = 0
      + min_special = 0
      + min_upper   = 0
      + number      = true
      + numeric     = true
      + result      = (known after apply)
      + special     = true
      + upper       = true
    }

Plan: 2 to add, 0 to change, 0 to destroy.
random_string.name: Creating...
random_string.name: Creation complete after 0s [id=SvyPy]
aws_instance.example: Creating...
aws_instance.example: Still creating... [10s elapsed]
aws_instance.example: Provisioning with 'file'...
aws_instance.example: Still creating... [20s elapsed]
aws_instance.example: Creation complete after 28s [id=i-0b8b40214081f1881]

Apply complete! Resources: 2 added, 0 changed, 0 destroyed.

